
Microsoft Visual Studio Solution File, Format Version 12.00
# Visual Studio Version 17
VisualStudioVersion = 17.9.34622.214
MinimumVisualStudioVersion = 10.0.40219.1
Project("{9A19103F-16F7-4668-BE54-9A1E7A4F7556}") = "PhigrosSaveDumper", "PhigrosSaveDumper.csproj", "{54786566-4992-4BA2-9FEF-FA814FC0C110}"
EndProject
Project("{9A19103F-16F7-4668-BE54-9A1E7A4F7556}") = "yt6983138", "..\yt6983138\yt6983138.csproj", "{BFB61D36-3695-4DC5-817C-1C69B97CFCFC}"
EndProject
Project("{9A19103F-16F7-4668-BE54-9A1E7A4F7556}") = "PhigrosLibraryCSharp", "..\PhigrosLibraryCSharp\PhigrosLibraryCSharp\PhigrosLibraryCSharp.csproj", "{C8FC7BF8-FC63-4C36-9A7A-BF6B7AD3D9C5}"
EndProject
Global
	GlobalSection(SolutionConfigurationPlatforms) = preSolution
		Debug|Any CPU = Debug|Any CPU
		Release|Any CPU = Release|Any CPU
	EndGlobalSection
	GlobalSection(ProjectConfigurationPlatforms) = postSolution
		{54786566-4992-4BA2-9FEF-FA814FC0C110}.Debug|Any CPU.ActiveCfg = Debug|Any CPU
		{54786566-4992-4BA2-9FEF-FA814FC0C110}.Debug|Any CPU.Build.0 = Debug|Any CPU
		{54786566-4992-4BA2-9FEF-FA814FC0C110}.Release|Any CPU.ActiveCfg = Release|Any CPU
		{54786566-4992-4BA2-9FEF-FA814FC0C110}.Release|Any CPU.Build.0 = Release|Any CPU
		{BFB61D36-3695-4DC5-817C-1C69B97CFCFC}.Debug|Any CPU.ActiveCfg = Debug|Any CPU
		{BFB61D36-3695-4DC5-817C-1C69B97CFCFC}.Debug|Any CPU.Build.0 = Debug|Any CPU
		{BFB61D36-3695-4DC5-817C-1C69B97CFCFC}.Release|Any CPU.ActiveCfg = Release|Any CPU
		{BFB61D36-3695-4DC5-817C-1C69B97CFCFC}.Release|Any CPU.Build.0 = Release|Any CPU
		{C8FC7BF8-FC63-4C36-9A7A-BF6B7AD3D9C5}.Debug|Any CPU.ActiveCfg = Debug|Any CPU
		{C8FC7BF8-FC63-4C36-9A7A-BF6B7AD3D9C5}.Debug|Any CPU.Build.0 = Debug|Any CPU
		{C8FC7BF8-FC63-4C36-9A7A-BF6B7AD3D9C5}.Release|Any CPU.ActiveCfg = Release|Any CPU
		{C8FC7BF8-FC63-4C36-9A7A-BF6B7AD3D9C5}.Release|Any CPU.Build.0 = Release|Any CPU
	EndGlobalSection
	GlobalSection(SolutionProperties) = preSolution
		HideSolutionNode = FALSE
	EndGlobalSection
	GlobalSection(ExtensibilityGlobals) = postSolution
		SolutionGuid = {F5E19B4C-CA6E-49B9-A781-0C5FBFFB4E8F}
	EndGlobalSection
EndGlobal
